# THIS IS AN AUTOGENERATED FILE. DO NOT EDIT THIS FILE DIRECTLY.
# yarn lockfile v1


"@types/estree@0.0.39":
  version "0.0.39"
  resolved "https://registry.npm.taobao.org/@types/estree/download/@types/estree-0.0.39.tgz#e177e699ee1b8c22d23174caaa7422644389509f"
  integrity sha1-4Xfmme4bjCLSMXTKqnQiZEOJUJ8=

"@types/node@*", "@types/node@^12.0.3":
  version "12.0.4"
  resolved "https://registry.npm.taobao.org/@types/node/download/@types/node-12.0.4.tgz#46832183115c904410c275e34cf9403992999c32"
  integrity sha1-RoMhgxFckEQQwnXjTPlAOZKZnDI=

"@types/resolve@0.0.8":
  version "0.0.8"
  resolved "https://registry.npm.taobao.org/@types/resolve/download/@types/resolve-0.0.8.tgz#f26074d238e02659e323ce1a13d041eee280e194"
  integrity sha1-8mB00jjgJlnjI84aE9BB7uKA4ZQ=
  dependencies:
    "@types/node" "*"

acorn@^6.1.1:
  version "6.1.1"
  resolved "https://registry.npm.taobao.org/acorn/download/acorn-6.1.1.tgz#7d25ae05bb8ad1f9b699108e1094ecd7884adc1f"
  integrity sha1-fSWuBbuK0fm2mRCOEJTs14hK3B8=

buffer-from@^1.0.0:
  version "1.1.1"
  resolved "https://registry.npm.taobao.org/buffer-from/download/buffer-from-1.1.1.tgz#32713bc028f75c02fdb710d7c7bcec1f2c6070ef"
  integrity sha1-MnE7wCj3XAL9txDXx7zsHyxgcO8=

builtin-modules@^3.1.0:
  version "3.1.0"
  resolved "https://registry.npm.taobao.org/builtin-modules/download/builtin-modules-3.1.0.tgz#aad97c15131eb76b65b50ef208e7584cd76a7484"
  integrity sha1-qtl8FRMet2tltQ7yCOdYTNdqdIQ=

commander@^2.19.0:
  version "2.20.0"
  resolved "https://registry.npm.taobao.org/commander/download/commander-2.20.0.tgz#d58bb2b5c1ee8f87b0d340027e9e94e222c5a422"
  integrity sha1-1YuytcHuj4ew00ACfp6U4iLFpCI=

estree-walker@^0.6.0, estree-walker@^0.6.1:
  version "0.6.1"
  resolved "https://registry.npm.taobao.org/estree-walker/download/estree-walker-0.6.1.tgz#53049143f40c6eb918b23671d1fe3219f3a1b362"
  integrity sha1-UwSRQ/QMbrkYsjZx0f4yGfOhs2I=

is-module@^1.0.0:
  version "1.0.0"
  resolved "https://registry.npm.taobao.org/is-module/download/is-module-1.0.0.tgz#3258fb69f78c14d5b815d664336b4cffb6441591"
  integrity sha1-Mlj7afeMFNW4FdZkM2tM/7ZEFZE=

ky@^0.11.0:
  version "0.11.0"
  resolved "https://registry.npm.taobao.org/ky/download/ky-0.11.0.tgz#032e01e10979f9f16682f6acff7daf43cafa5507"
  integrity sha1-Ay4B4Ql5+fFmgvas/32vQ8r6VQc=

magic-string@^0.25.2:
  version "0.25.2"
  resolved "https://registry.npm.taobao.org/magic-string/download/magic-string-0.25.2.tgz#139c3a729515ec55e96e69e82a11fe890a293ad9"
  integrity sha1-E5w6cpUV7FXpbmnoKhH+iQopOtk=
  dependencies:
    sourcemap-codec "^1.4.4"

path-parse@^1.0.6:
  version "1.0.6"
  resolved "https://registry.npm.taobao.org/path-parse/download/path-parse-1.0.6.tgz#d62dbb5679405d72c4737ec58600e9ddcf06d24c"
  integrity sha1-1i27VnlAXXLEc37FhgDp3c8G0kw=

resolve@^1.10.0:
  version "1.11.0"
  resolved "https://registry.npm.taobao.org/resolve/download/resolve-1.11.0.tgz#4014870ba296176b86343d50b60f3b50609ce232"
  integrity sha1-QBSHC6KWF2uGND1Qtg87UGCc4jI=
  dependencies:
    path-parse "^1.0.6"

rollup-plugin-commonjs@^9.2.0:
  version "9.3.4"
  resolved "https://registry.npm.taobao.org/rollup-plugin-commonjs/download/rollup-plugin-commonjs-9.3.4.tgz#2b3dddbbbded83d45c36ff101cdd29e924fd23bc"
  integrity sha1-Kz3du73tg9RcNv8QHN0p6ST9I7w=
  dependencies:
    estree-walker "^0.6.0"
    magic-string "^0.25.2"
    resolve "^1.10.0"
    rollup-pluginutils "^2.6.0"

rollup-plugin-node-resolve@^4.0.0:
  version "4.2.4"
  resolved "https://registry.npm.taobao.org/rollup-plugin-node-resolve/download/rollup-plugin-node-resolve-4.2.4.tgz?cache=0&other_urls=https%3A%2F%2Fregistry.npm.taobao.org%2Frollup-plugin-node-resolve%2Fdownload%2Frollup-plugin-node-resolve-4.2.4.tgz#7d370f8d6fd3031006a0032c38262dd9be3c6250"
  integrity sha1-fTcPjW/TAxAGoAMsOCYt2b48YlA=
  dependencies:
    "@types/resolve" "0.0.8"
    builtin-modules "^3.1.0"
    is-module "^1.0.0"
    resolve "^1.10.0"

rollup-pluginutils@^2.6.0:
  version "2.8.0"
  resolved "https://registry.npm.taobao.org/rollup-pluginutils/download/rollup-pluginutils-2.8.0.tgz#d7ece1502958a35748a74080c7ac5e95681bcbe9"
  integrity sha1-1+zhUClYo1dIp0CAx6xelWgby+k=
  dependencies:
    estree-walker "^0.6.1"

rollup@^1.0.0:
  version "1.13.1"
  resolved "https://registry.npm.taobao.org/rollup/download/rollup-1.13.1.tgz#86a474c29df0f303ed31e4c8be5d81c1038beae8"
  integrity sha1-hqR0wp3w8wPtMeTIvl2BwQOL6ug=
  dependencies:
    "@types/estree" "0.0.39"
    "@types/node" "^12.0.3"
    acorn "^6.1.1"

source-map-support@~0.5.10:
  version "0.5.12"
  resolved "https://registry.npm.taobao.org/source-map-support/download/source-map-support-0.5.12.tgz#b4f3b10d51857a5af0138d3ce8003b201613d599"
  integrity sha1-tPOxDVGFelrwE4086AA7IBYT1Zk=
  dependencies:
    buffer-from "^1.0.0"
    source-map "^0.6.0"

source-map@^0.6.0, source-map@~0.6.1:
  version "0.6.1"
  resolved "https://registry.npm.taobao.org/source-map/download/source-map-0.6.1.tgz#74722af32e9614e9c287a8d0bbde48b5e2f1a263"
  integrity sha1-dHIq8y6WFOnCh6jQu95IteLxomM=

sourcemap-codec@^1.4.4:
  version "1.4.4"
  resolved "https://registry.npm.taobao.org/sourcemap-codec/download/sourcemap-codec-1.4.4.tgz#c63ea927c029dd6bd9a2b7fa03b3fec02ad56e9f"
  integrity sha1-xj6pJ8Ap3WvZorf6A7P+wCrVbp8=

terser@^4.0.0:
  version "4.0.0"
  resolved "https://registry.npm.taobao.org/terser/download/terser-4.0.0.tgz#ef356f6f359a963e2cc675517f21c1c382877374"
  integrity sha1-7zVvbzWalj4sxnVRfyHBw4KHc3Q=
  dependencies:
    commander "^2.19.0"
    source-map "~0.6.1"
    source-map-support "~0.5.10"

whatwg-fetch@^3.0.0:
  version "3.0.0"
  resolved "https://registry.npm.taobao.org/whatwg-fetch/download/whatwg-fetch-3.0.0.tgz?cache=0&other_urls=https%3A%2F%2Fregistry.npm.taobao.org%2Fwhatwg-fetch%2Fdownload%2Fwhatwg-fetch-3.0.0.tgz#fc804e458cc460009b1a2b966bc8817d2578aefb"
  integrity sha1-/IBORYzEYACbGiuWa8iBfSV4rvs=
